// !$*UTF8*$!
{
	archiveVersion = 1;
	classes = {
	};
	objectVersion = 50;
	objects = {

/* Begin PBXBuildFile section */
		7D3D79A99A55F7A246FF460F /* Pods_NYTimes_Articles.framework in Frameworks */ = {isa = PBXBuildFile; fileRef = 777B13131AF232CC1EA0092D /* Pods_NYTimes_Articles.framework */; };
		89736B7725D4385B00847E6B /* AppDelegate.swift in Sources */ = {isa = PBXBuildFile; fileRef = 89736B7625D4385B00847E6B /* AppDelegate.swift */; };
		89736B7B25D4385B00847E6B /* ViewController.swift in Sources */ = {isa = PBXBuildFile; fileRef = 89736B7A25D4385B00847E6B /* ViewController.swift */; };
		89736B7E25D4385B00847E6B /* Main.storyboard in Resources */ = {isa = PBXBuildFile; fileRef = 89736B7C25D4385B00847E6B /* Main.storyboard */; };
		89736B8025D4385D00847E6B /* Assets.xcassets in Resources */ = {isa = PBXBuildFile; fileRef = 89736B7F25D4385D00847E6B /* Assets.xcassets */; };
		89736B8325D4385D00847E6B /* LaunchScreen.storyboard in Resources */ = {isa = PBXBuildFile; fileRef = 89736B8125D4385D00847E6B /* LaunchScreen.storyboard */; };
/* End PBXBuildFile section */

/* Begin PBXFileReference section */
		135A0C75E380979117C141DE /* Pods-NYTimes Articles.debug.xcconfig */ = {isa = PBXFileReference; includeInIndex = 1; lastKnownFileType = text.xcconfig; name = "Pods-NYTimes Articles.debug.xcconfig"; path = "Target Support Files/Pods-NYTimes Articles/Pods-NYTimes Articles.debug.xcconfig"; sourceTree = "<group>"; };
		42258E15DDB2DB367D3F210F /* Pods-NYTimes Articles.release.xcconfig */ = {isa = PBXFileReference; includeInIndex = 1; lastKnownFileType = text.xcconfig; name = "Pods-NYTimes Articles.release.xcconfig"; path = "Target Support Files/Pods-NYTimes Articles/Pods-NYTimes Articles.release.xcconfig"; sourceTree = "<group>"; };
		777B13131AF232CC1EA0092D /* Pods_NYTimes_Articles.framework */ = {isa = PBXFileReference; explicitFileType = wrapper.framework; includeInIndex = 0; path = Pods_NYTimes_Articles.framework; sourceTree = BUILT_PRODUCTS_DIR; };
		89736B7325D4385B00847E6B /* NYTimes Articles.app */ = {isa = PBXFileReference; explicitFileType = wrapper.application; includeInIndex = 0; path = "NYTimes Articles.app"; sourceTree = BUILT_PRODUCTS_DIR; };
		89736B7625D4385B00847E6B /* AppDelegate.swift */ = {isa = PBXFileReference; lastKnownFileType = sourcecode.swift; path = AppDelegate.swift; sourceTree = "<group>"; };
		89736B7A25D4385B00847E6B /* ViewController.swift */ = {isa = PBXFileReference; lastKnownFileType = sourcecode.swift; path = ViewController.swift; sourceTree = "<group>"; };
		89736B7D25D4385B00847E6B /* Base */ = {isa = PBXFileReference; lastKnownFileType = file.storyboard; name = Base; path = Base.lproj/Main.storyboard; sourceTree = "<group>"; };
		89736B7F25D4385D00847E6B /* Assets.xcassets */ = {isa = PBXFileReference; lastKnownFileType = folder.assetcatalog; path = Assets.xcassets; sourceTree = "<group>"; };
		89736B8225D4385D00847E6B /* Base */ = {isa = PBXFileReference; lastKnownFileType = file.storyboard; name = Base; path = Base.lproj/LaunchScreen.storyboard; sourceTree = "<group>"; };
		89736B8425D4385D00847E6B /* Info.plist */ = {isa = PBXFileReference; lastKnownFileType = text.plist.xml; path = Info.plist; sourceTree = "<group>"; };
/* End PBXFileReference section */

/* Begin PBXFrameworksBuildPhase section */
		89736B7025D4385B00847E6B /* Frameworks */ = {
			isa = PBXFrameworksBuildPhase;
			buildActionMask = 2147483647;
			files = (
				7D3D79A99A55F7A246FF460F /* Pods_NYTimes_Articles.framework in Frameworks */,
			);
			runOnlyForDeploymentPostprocessing = 0;
		};
/* End PBXFrameworksBuildPhase section */

/* Begin PBXGroup section */
		0BC800B607DD3C24D2332B34 /* Frameworks */ = {
			isa = PBXGroup;
			children = (
				777B13131AF232CC1EA0092D /* Pods_NYTimes_Articles.framework */,
			);
			name = Frameworks;
			sourceTree = "<group>";
		};
		89736B6A25D4385B00847E6B = {
			isa = PBXGroup;
			children = (
				89736B7525D4385B00847E6B /* NYTimes Articles */,
				89736B7425D4385B00847E6B /* Products */,
				DFBC7AAA76159A2E2BA39646 /* Pods */,
				0BC800B607DD3C24D2332B34 /* Frameworks */,
			);
			sourceTree = "<group>";
		};
		89736B7425D4385B00847E6B /* Products */ = {
			isa = PBXGroup;
			children = (
				89736B7325D4385B00847E6B /* NYTimes Articles.app */,
			);
			name = Products;
			sourceTree = "<group>";
		};
		89736B7525D4385B00847E6B /* NYTimes Articles */ = {
			isa = PBXGroup;
			children = (
				89736B8425D4385D00847E6B /* Info.plist */,
				89736B7625D4385B00847E6B /* AppDelegate.swift */,
				89736B7A25D4385B00847E6B /* ViewController.swift */,
				89736B9825D443C900847E6B /* Storyboards */,
				89736B9A25D4442A00847E6B /* Resources */,
			);
			path = "NYTimes Articles";
			sourceTree = "<group>";
		};
		89736B9825D443C900847E6B /* Storyboards */ = {
			isa = PBXGroup;
			children = (
				89736B7C25D4385B00847E6B /* Main.storyboard */,
				89736B8125D4385D00847E6B /* LaunchScreen.storyboard */,
			);
			path = Storyboards;
			sourceTree = "<group>";
		};
		89736B9925D4442100847E6B /* Images */ = {
			isa = PBXGroup;
			children = (
				89736B7F25D4385D00847E6B /* Assets.xcassets */,
			);
			path = Images;
			sourceTree = "<group>";
		};
		89736B9A25D4442A00847E6B /* Resources */ = {
			isa = PBXGroup;
			children = (
				89736B9925D4442100847E6B /* Images */,
			);
			path = Resources;
			sourceTree = "<group>";
		};
		DFBC7AAA76159A2E2BA39646 /* Pods */ = {
			isa = PBXGroup;
			children = (
				135A0C75E380979117C141DE /* Pods-NYTimes Articles.debug.xcconfig */,
				42258E15DDB2DB367D3F210F /* Pods-NYTimes Articles.release.xcconfig */,
			);
			name = Pods;
			path = Pods;
			sourceTree = "<group>";
		};
/* End PBXGroup section */

/* Begin PBXNativeTarget section */
		89736B7225D4385B00847E6B /* NYTimes Articles */ = {
			isa = PBXNativeTarget;
			buildConfigurationList = 89736B8725D4385D00847E6B /* Build configuration list for PBXNativeTarget "NYTimes Articles" */;
			buildPhases = (
				F8D730C822AAE40E2D7251AA /* [CP] Check Pods Manifest.lock */,
				89736B6F25D4385B00847E6B /* Sources */,
				89736B7025D4385B00847E6B /* Frameworks */,
				89736B7125D4385B00847E6B /* Resources */,
				4AEE76CB52B9E0EE36E01B85 /* [CP] Embed Pods Frameworks */,
			);
			buildRules = (
			);
			dependencies = (
			);
			name = "NYTimes Articles";
			productName = "NYTimes Articles";
			productReference = 89736B7325D4385B00847E6B /* NYTimes Articles.app */;
			productType = "com.apple.product-type.application";
		};
/* End PBXNativeTarget section */

/* Begin PBXProject section */
		89736B6B25D4385B00847E6B /* Project object */ = {
			isa = PBXProject;
			attributes = {
				LastSwiftUpdateCheck = 1220;
				LastUpgradeCheck = 1220;
				TargetAttributes = {
					89736B7225D4385B00847E6B = {
						CreatedOnToolsVersion = 12.2;
					};
				};
			};
			buildConfigurationList = 89736B6E25D4385B00847E6B /* Build configuration list for PBXProject "NYTimes Articles" */;
			compatibilityVersion = "Xcode 9.3";
			developmentRegion = en;
			hasScannedForEncodings = 0;
			knownRegions = (
				en,
				Base,
			);
			mainGroup = 89736B6A25D4385B00847E6B;
			productRefGroup = 89736B7425D4385B00847E6B /* Products */;
			projectDirPath = "";
			projectRoot = "";
			targets = (
				89736B7225D4385B00847E6B /* NYTimes Articles */,
			);
		};
/* End PBXProject section */

/* Begin PBXResourcesBuildPhase section */
		89736B7125D4385B00847E6B /* Resources */ = {
			isa = PBXResourcesBuildPhase;
			buildActionMask = 2147483647;
			files = (
				89736B8325D4385D00847E6B /* LaunchScreen.storyboard in Resources */,
				89736B8025D4385D00847E6B /* Assets.xcassets in Resources */,
				89736B7E25D4385B00847E6B /* Main.storyboard in Resources */,
			);
			runOnlyForDeploymentPostprocessing = 0;
		};
/* End PBXResourcesBuildPhase section */

/* Begin PBXShellScriptBuildPhase section */
		4AEE76CB52B9E0EE36E01B85 /* [CP] Embed Pods Frameworks */ = {
			isa = PBXShellScriptBuildPhase;
			buildActionMask = 2147483647;
			files = (
			);
			inputFileListPaths = (
				"${PODS_ROOT}/Target Support Files/Pods-NYTimes Articles/Pods-NYTimes Articles-frameworks-${CONFIGURATION}-input-files.xcfilelist",
			);
			name = "[CP] Embed Pods Frameworks";
			outputFileListPaths = (
				"${PODS_ROOT}/Target Support Files/Pods-NYTimes Articles/Pods-NYTimes Articles-frameworks-${CONFIGURATION}-output-files.xcfilelist",
			);
			runOnlyForDeploymentPostprocessing = 0;
			shellPath = /bin/sh;
			shellScript = "\"${PODS_ROOT}/Target Support Files/Pods-NYTimes Articles/Pods-NYTimes Articles-frameworks.sh\"\n";
			showEnvVarsInLog = 0;
		};
		F8D730C822AAE40E2D7251AA /* [CP] Check Pods Manifest.lock */ = {
			isa = PBXShellScriptBuildPhase;
			buildActionMask = 2147483647;
			files = (
			);
			inputFileListPaths = (
			);
			inputPaths = (
				"${PODS_PODFILE_DIR_PATH}/Podfile.lock",
				"${PODS_ROOT}/Manifest.lock",
			);
			name = "[CP] Check Pods Manifest.lock";
			outputFileListPaths = (
			);
			outputPaths = (
				"$(DERIVED_FILE_DIR)/Pods-NYTimes Articles-checkManifestLockResult.txt",
			);
			runOnlyForDeploymentPostprocessing = 0;
			shellPath = /bin/sh;
			shellScript = "diff \"${PODS_PODFILE_DIR_PATH}/Podfile.lock\" \"${PODS_ROOT}/Manifest.lock\" > /dev/null\nif [ $? != 0 ] ; then\n    # print error to STDERR\n    echo \"error: The sandbox is not in sync with the Podfile.lock. Run 'pod install' or update your CocoaPods installation.\" >&2\n    exit 1\nfi\n# This output is used by Xcode 'outputs' to avoid re-running this script phase.\necho \"SUCCESS\" > \"${SCRIPT_OUTPUT_FILE_0}\"\n";
			showEnvVarsInLog = 0;
		};
/* End PBXShellScriptBuildPhase section */

/* Begin PBXSourcesBuildPhase section */
		89736B6F25D4385B00847E6B /* Sources */ = {
			isa = PBXSourcesBuildPhase;
			buildActionMask = 2147483647;
			files = (
				89736B7B25D4385B00847E6B /* ViewController.swift in Sources */,
				89736B7725D4385B00847E6B /* AppDelegate.swift in Sources */,
			);
			runOnlyForDeploymentPostprocessing = 0;
		};
/* End PBXSourcesBuildPhase section */

/* Begin PBXVariantGroup section */
		89736B7C25D4385B00847E6B /* Main.storyboard */ = {
			isa = PBXVariantGroup;
			children = (
				89736B7D25D4385B00847E6B /* Base */,
			);
			name = Main.storyboard;
			sourceTree = "<group>";
		};
		89736B8125D4385D00847E6B /* LaunchScreen.storyboard */ = {
			isa = PBXVariantGroup;
			children = (
				89736B8225D4385D00847E6B /* Base */,
			);
			name = LaunchScreen.storyboard;
			sourceTree = "<group>";
		};
/* End PBXVariantGroup section */

/* Begin XCBuildConfiguration section */
		89736B8525D4385D00847E6B /* Debug */ = {
			isa = XCBuildConfiguration;
			buildSettings = {
				ALWAYS_SEARCH_USER_PATHS = NO;
				CLANG_ANALYZER_NONNULL = YES;
				CLANG_ANALYZER_NUMBER_OBJECT_CONVERSION = YES_AGGRESSIVE;
				CLANG_CXX_LANGUAGE_STANDARD = "gnu++14";
				CLANG_CXX_LIBRARY = "libc++";
				CLANG_ENABLE_MODULES = YES;
				CLANG_ENABLE_OBJC_ARC = YES;
				CLANG_ENABLE_OBJC_WEAK = YES;
				CLANG_WARN_BLOCK_CAPTURE_AUTORELEASING = YES;
				CLANG_WARN_BOOL_CONVERSION = YES;
				CLANG_WARN_COMMA = YES;
				CLANG_WARN_CONSTANT_CONVERSION = YES;
				CLANG_WARN_DEPRECATED_OBJC_IMPLEMENTATIONS = YES;
				CLANG_WARN_DIRECT_OBJC_ISA_USAGE = YES_ERROR;
				CLANG_WARN_DOCUMENTATION_COMMENTS = YES;
				CLANG_WARN_EMPTY_BODY = YES;
				CLANG_WARN_ENUM_CONVERSION = YES;
				CLANG_WARN_INFINITE_RECURSION = YES;
				CLANG_WARN_INT_CONVERSION = YES;
				CLANG_WARN_NON_LITERAL_NULL_CONVERSION = YES;
				CLANG_WARN_OBJC_IMPLICIT_RETAIN_SELF = YES;
				CLANG_WARN_OBJC_LITERAL_CONVERSION = YES;
				CLANG_WARN_OBJC_ROOT_CLASS = YES_ERROR;
				CLANG_WARN_QUOTED_INCLUDE_IN_FRAMEWORK_HEADER = YES;
				CLANG_WARN_RANGE_LOOP_ANALYSIS = YES;
				CLANG_WARN_STRICT_PROTOTYPES = YES;
				CLANG_WARN_SUSPICIOUS_MOVE = YES;
				CLANG_WARN_UNGUARDED_AVAILABILITY = YES_AGGRESSIVE;
				CLANG_WARN_UNREACHABLE_CODE = YES;
				CLANG_WARN__DUPLICATE_METHOD_MATCH = YES;
				COPY_PHASE_STRIP = NO;
				DEBUG_INFORMATION_FORMAT = dwarf;
				ENABLE_STRICT_OBJC_MSGSEND = YES;
				ENABLE_TESTABILITY = YES;
				GCC_C_LANGUAGE_STANDARD = gnu11;
				GCC_DYNAMIC_NO_PIC = NO;
				GCC_NO_COMMON_BLOCKS = YES;
				GCC_OPTIMIZATION_LEVEL = 0;
				GCC_PREPROCESSOR_DEFINITIONS = (
					"DEBUG=1",
					"$(inherited)",
				);
				GCC_WARN_64_TO_32_BIT_CONVERSION = YES;
				GCC_WARN_ABOUT_RETURN_TYPE = YES_ERROR;
				GCC_WARN_UNDECLARED_SELECTOR = YES;
				GCC_WARN_UNINITIALIZED_AUTOS = YES_AGGRESSIVE;
				GCC_WARN_UNUSED_FUNCTION = YES;
				GCC_WARN_UNUSED_VARIABLE = YES;
				IPHONEOS_DEPLOYMENT_TARGET = 12.0;
				MTL_ENABLE_DEBUG_INFO = INCLUDE_SOURCE;
				MTL_FAST_MATH = YES;
				ONLY_ACTIVE_ARCH = YES;
				SDKROOT = iphoneos;
				SWIFT_ACTIVE_COMPILATION_CONDITIONS = DEBUG;
				SWIFT_OPTIMIZATION_LEVEL = "-Onone";
			};
			name = Debug;
		};
		89736B8625D4385D00847E6B /* Release */ = {
			isa = XCBuildConfiguration;
			buildSettings = {
				ALWAYS_SEARCH_USER_PATHS = NO;
				CLANG_ANALYZER_NONNULL = YES;
				CLANG_ANALYZER_NUMBER_OBJECT_CONVERSION = YES_AGGRESSIVE;
				CLANG_CXX_LANGUAGE_STANDARD = "gnu++14";
				CLANG_CXX_LIBRARY = "libc++";
				CLANG_ENABLE_MODULES = YES;
				CLANG_ENABLE_OBJC_ARC = YES;
				CLANG_ENABLE_OBJC_WEAK = YES;
				CLANG_WARN_BLOCK_CAPTURE_AUTORELEASING = YES;
				CLANG_WARN_BOOL_CONVERSION = YES;
				CLANG_WARN_COMMA = YES;
				CLANG_WARN_CONSTANT_CONVERSION = YES;
				CLANG_WARN_DEPRECATED_OBJC_IMPLEMENTATIONS = YES;
				CLANG_WARN_DIRECT_OBJC_ISA_USAGE = YES_ERROR;
				CLANG_WARN_DOCUMENTATION_COMMENTS = YES;
				CLANG_WARN_EMPTY_BODY = YES;
				CLANG_WARN_ENUM_CONVERSION = YES;
				CLANG_WARN_INFINITE_RECURSION = YES;
				CLANG_WARN_INT_CONVERSION = YES;
				CLANG_WARN_NON_LITERAL_NULL_CONVERSION = YES;
				CLANG_WARN_OBJC_IMPLICIT_RETAIN_SELF = YES;
				CLANG_WARN_OBJC_LITERAL_CONVERSION = YES;
				CLANG_WARN_OBJC_ROOT_CLASS = YES_ERROR;
				CLANG_WARN_QUOTED_INCLUDE_IN_FRAMEWORK_HEADER = YES;
				CLANG_WARN_RANGE_LOOP_ANALYSIS = YES;
				CLANG_WARN_STRICT_PROTOTYPES = YES;
				CLANG_WARN_SUSPICIOUS_MOVE = YES;
				CLANG_WARN_UNGUARDED_AVAILABILITY = YES_AGGRESSIVE;
				CLANG_WARN_UNREACHABLE_CODE = YES;
				CLANG_WARN__DUPLICATE_METHOD_MATCH = YES;
				COPY_PHASE_STRIP = NO;
				DEBUG_INFORMATION_FORMAT = "dwarf-with-dsym";
				ENABLE_NS_ASSERTIONS = NO;
				ENABLE_STRICT_OBJC_MSGSEND = YES;
				GCC_C_LANGUAGE_STANDARD = gnu11;
				GCC_NO_COMMON_BLOCKS = YES;
				GCC_WARN_64_TO_32_BIT_CONVERSION = YES;
				GCC_WARN_ABOUT_RETURN_TYPE = YES_ERROR;
				GCC_WARN_UNDECLARED_SELECTOR = YES;
				GCC_WARN_UNINITIALIZED_AUTOS = YES_AGGRESSIVE;
				GCC_WARN_UNUSED_FUNCTION = YES;
				GCC_WARN_UNUSED_VARIABLE = YES;
				IPHONEOS_DEPLOYMENT_TARGET = 12.0;
				MTL_ENABLE_DEBUG_INFO = NO;
				MTL_FAST_MATH = YES;
				SDKROOT = iphoneos;
				SWIFT_COMPILATION_MODE = wholemodule;
				SWIFT_OPTIMIZATION_LEVEL = "-O";
				VALIDATE_PRODUCT = YES;
			};
			name = Release;
		};
		89736B8825D4385D00847E6B /* Debug */ = {
			isa = XCBuildConfiguration;
			baseConfigurationReference = 135A0C75E380979117C141DE /* Pods-NYTimes Articles.debug.xcconfig */;
			buildSettings = {
				ASSETCATALOG_COMPILER_APPICON_NAME = AppIcon;
				ASSETCATALOG_COMPILER_GLOBAL_ACCENT_COLOR_NAME = AccentColor;
				CODE_SIGN_STYLE = Automatic;
				DEVELOPMENT_TEAM = RSUL65K5BS;
				INFOPLIST_FILE = "NYTimes Articles/Info.plist";
				IPHONEOS_DEPLOYMENT_TARGET = 12.0;
				LD_RUNPATH_SEARCH_PATHS = (
					"$(inherited)",
					"@executable_path/Frameworks",
				);
				PRODUCT_BUNDLE_IDENTIFIER = "com.nadakamel.NYTimes-Articles";
				PRODUCT_NAME = "$(TARGET_NAME)";
				SWIFT_VERSION = 5.0;
				TARGETED_DEVICE_FAMILY = "1,2";
				TVOS_DEPLOYMENT_TARGET = 12.0;
			};
			name = Debug;
		};
		89736B8925D4385D00847E6B /* Release */ = {
			isa = XCBuildConfiguration;
			baseConfigurationReference = 42258E15DDB2DB367D3F210F /* Pods-NYTimes Articles.release.xcconfig */;
			buildSettings = {
				ASSETCATALOG_COMPILER_APPICON_NAME = AppIcon;
				ASSETCATALOG_COMPILER_GLOBAL_ACCENT_COLOR_NAME = AccentColor;
				CODE_SIGN_STYLE = Automatic;
				DEVELOPMENT_TEAM = RSUL65K5BS;
				INFOPLIST_FILE = "NYTimes Articles/Info.plist";
				IPHONEOS_DEPLOYMENT_TARGET = 12.0;
				LD_RUNPATH_SEARCH_PATHS = (
					"$(inherited)",
					"@executable_path/Frameworks",
				);
				PRODUCT_BUNDLE_IDENTIFIER = "com.nadakamel.NYTimes-Articles";
				PRODUCT_NAME = "$(TARGET_NAME)";
				SWIFT_VERSION = 5.0;
				TARGETED_DEVICE_FAMILY = "1,2";
				TVOS_DEPLOYMENT_TARGET = 12.0;
			};
			name = Release;
		};
/* End XCBuildConfiguration section */

/* Begin XCConfigurationList section */
		89736B6E25D4385B00847E6B /* Build configuration list for PBXProject "NYTimes Articles" */ = {
			isa = XCConfigurationList;
			buildConfigurations = (
				89736B8525D4385D00847E6B /* Debug */,
				89736B8625D4385D00847E6B /* Release */,
			);
			defaultConfigurationIsVisible = 0;
			defaultConfigurationName = Release;
		};
		89736B8725D4385D00847E6B /* Build configuration list for PBXNativeTarget "NYTimes Articles" */ = {
			isa = XCConfigurationList;
			buildConfigurations = (
				89736B8825D4385D00847E6B /* Debug */,
				89736B8925D4385D00847E6B /* Release */,
			);
			defaultConfigurationIsVisible = 0;
			defaultConfigurationName = Release;
		};
/* End XCConfigurationList section */
	};
	rootObject = 89736B6B25D4385B00847E6B /* Project object */;
}
